Microsoft Visual Studio Solution File, Format Version 12.00
# Visual Studio 15
Project("{2150E333-8FDC-42A3-9474-1A3956D46DE8}") = "CMakePredefinedTargets", "CMakePredefinedTargets", "{B11CD54E-E05D-333C-8808-BA72601A1F5D}"
EndProject
Project("{2150E333-8FDC-42A3-9474-1A3956D46DE8}") = "External", "External", "{FC4A0FFE-1D0B-30C2-A3CC-33210CEB3B41}"
EndProject
Project("{2150E333-8FDC-42A3-9474-1A3956D46DE8}") = "Internal", "Internal", "{36236BC5-BB91-3102-8209-D5E20F88F4C5}"
EndProject
Project("{8BC9CEB8-8B4A-11D0-8D11-00A0C91BC942}") = "ALL_BUILD", "ALL_BUILD.vcxproj", "{7C43EF12-66B0-318E-A739-BFCDC701003B}"
	ProjectSection(ProjectDependencies) = postProject
		{36A439D9-1C1D-3649-ADDC-EE8D23DB08BE} = {36A439D9-1C1D-3649-ADDC-EE8D23DB08BE}
		{1FAC9B7D-ED06-3DB6-A6FA-8EBFF1B2DB3D} = {1FAC9B7D-ED06-3DB6-A6FA-8EBFF1B2DB3D}
		{B9E0AA1C-8D51-39CB-9B15-4DE7B7AA2EBC} = {B9E0AA1C-8D51-39CB-9B15-4DE7B7AA2EBC}
		{904FEFD2-3CBF-3644-9271-C73A52E18137} = {904FEFD2-3CBF-3644-9271-C73A52E18137}
		{7A19BE3A-C6B8-3BEE-AB6B-5995BDA147F4} = {7A19BE3A-C6B8-3BEE-AB6B-5995BDA147F4}
		{BF5FF28C-3BDC-3C34-AD22-7FE3E8B4C904} = {BF5FF28C-3BDC-3C34-AD22-7FE3E8B4C904}
		{B4083E3B-5776-3ADA-BE69-9836E47DB337} = {B4083E3B-5776-3ADA-BE69-9836E47DB337}
		{FC7E6355-B71C-3A2E-AAAD-F025E4C26468} = {FC7E6355-B71C-3A2E-AAAD-F025E4C26468}
		{93ED7464-B503-3D4E-B9F9-F5309CF3E1B0} = {93ED7464-B503-3D4E-B9F9-F5309CF3E1B0}
		{698364E5-E627-3C0C-932B-F6A27F4D2E67} = {698364E5-E627-3C0C-932B-F6A27F4D2E67}
		{18C94098-0A79-309D-A021-CBAF77C26709} = {18C94098-0A79-309D-A021-CBAF77C26709}
		{D6EE0027-AEE4-3F37-B858-C84E5585BD42} = {D6EE0027-AEE4-3F37-B858-C84E5585BD42}
		{82C3B5A8-58BC-307C-B899-3F5D76223F8E} = {82C3B5A8-58BC-307C-B899-3F5D76223F8E}
	EndProjectSection
EndProject
Project("{8BC9CEB8-8B4A-11D0-8D11-00A0C91BC942}") = "ZERO_CHECK", "..\..\..\\ZERO_CHECK.vcxproj", "{36A439D9-1C1D-3649-ADDC-EE8D23DB08BE}"
	ProjectSection(ProjectDependencies) = postProject
	EndProjectSection
EndProject
Project("{8BC9CEB8-8B4A-11D0-8D11-00A0C91BC942}") = "cocos2d", "cocos2d.vcxproj", "{1FAC9B7D-ED06-3DB6-A6FA-8EBFF1B2DB3D}"
	ProjectSection(ProjectDependencies) = postProject
		{36A439D9-1C1D-3649-ADDC-EE8D23DB08BE} = {36A439D9-1C1D-3649-ADDC-EE8D23DB08BE}
		{B9E0AA1C-8D51-39CB-9B15-4DE7B7AA2EBC} = {B9E0AA1C-8D51-39CB-9B15-4DE7B7AA2EBC}
		{904FEFD2-3CBF-3644-9271-C73A52E18137} = {904FEFD2-3CBF-3644-9271-C73A52E18137}
		{7A19BE3A-C6B8-3BEE-AB6B-5995BDA147F4} = {7A19BE3A-C6B8-3BEE-AB6B-5995BDA147F4}
		{BF5FF28C-3BDC-3C34-AD22-7FE3E8B4C904} = {BF5FF28C-3BDC-3C34-AD22-7FE3E8B4C904}
		{B4083E3B-5776-3ADA-BE69-9836E47DB337} = {B4083E3B-5776-3ADA-BE69-9836E47DB337}
		{FC7E6355-B71C-3A2E-AAAD-F025E4C26468} = {FC7E6355-B71C-3A2E-AAAD-F025E4C26468}
		{93ED7464-B503-3D4E-B9F9-F5309CF3E1B0} = {93ED7464-B503-3D4E-B9F9-F5309CF3E1B0}
		{698364E5-E627-3C0C-932B-F6A27F4D2E67} = {698364E5-E627-3C0C-932B-F6A27F4D2E67}
		{18C94098-0A79-309D-A021-CBAF77C26709} = {18C94098-0A79-309D-A021-CBAF77C26709}
		{D6EE0027-AEE4-3F37-B858-C84E5585BD42} = {D6EE0027-AEE4-3F37-B858-C84E5585BD42}
		{82C3B5A8-58BC-307C-B899-3F5D76223F8E} = {82C3B5A8-58BC-307C-B899-3F5D76223F8E}
	EndProjectSection
EndProject
Project("{8BC9CEB8-8B4A-11D0-8D11-00A0C91BC942}") = "ext_clipper", "..\..\external\clipper\ext_clipper.vcxproj", "{B9E0AA1C-8D51-39CB-9B15-4DE7B7AA2EBC}"
	ProjectSection(ProjectDependencies) = postProject
		{36A439D9-1C1D-3649-ADDC-EE8D23DB08BE} = {36A439D9-1C1D-3649-ADDC-EE8D23DB08BE}
	EndProjectSection
EndProject
Project("{8BC9CEB8-8B4A-11D0-8D11-00A0C91BC942}") = "ext_convertUTF", "..\..\external\ConvertUTF\ext_convertUTF.vcxproj", "{904FEFD2-3CBF-3644-9271-C73A52E18137}"
	ProjectSection(ProjectDependencies) = postProject
		{36A439D9-1C1D-3649-ADDC-EE8D23DB08BE} = {36A439D9-1C1D-3649-ADDC-EE8D23DB08BE}
	EndProjectSection
EndProject
Project("{8BC9CEB8-8B4A-11D0-8D11-00A0C91BC942}") = "ext_edtaa3func", "..\..\external\edtaa3func\ext_edtaa3func.vcxproj", "{7A19BE3A-C6B8-3BEE-AB6B-5995BDA147F4}"
	ProjectSection(ProjectDependencies) = postProject
		{36A439D9-1C1D-3649-ADDC-EE8D23DB08BE} = {36A439D9-1C1D-3649-ADDC-EE8D23DB08BE}
	EndProjectSection
EndProject
Project("{8BC9CEB8-8B4A-11D0-8D11-00A0C91BC942}") = "ext_md5", "..\..\external\md5\ext_md5.vcxproj", "{BF5FF28C-3BDC-3C34-AD22-7FE3E8B4C904}"
	ProjectSection(ProjectDependencies) = postProject
		{36A439D9-1C1D-3649-ADDC-EE8D23DB08BE} = {36A439D9-1C1D-3649-ADDC-EE8D23DB08BE}
	EndProjectSection
EndProject
Project("{8BC9CEB8-8B4A-11D0-8D11-00A0C91BC942}") = "ext_poly2tri", "..\..\external\poly2tri\ext_poly2tri.vcxproj", "{B4083E3B-5776-3ADA-BE69-9836E47DB337}"
	ProjectSection(ProjectDependencies) = postProject
		{36A439D9-1C1D-3649-ADDC-EE8D23DB08BE} = {36A439D9-1C1D-3649-ADDC-EE8D23DB08BE}
	EndProjectSection
EndProject
Project("{8BC9CEB8-8B4A-11D0-8D11-00A0C91BC942}") = "ext_recast", "..\..\external\recast\ext_recast.vcxproj", "{FC7E6355-B71C-3A2E-AAAD-F025E4C26468}"
	ProjectSection(ProjectDependencies) = postProject
		{36A439D9-1C1D-3649-ADDC-EE8D23DB08BE} = {36A439D9-1C1D-3649-ADDC-EE8D23DB08BE}
	EndProjectSection
EndProject
Project("{8BC9CEB8-8B4A-11D0-8D11-00A0C91BC942}") = "ext_tinyxml2", "..\..\external\tinyxml2\ext_tinyxml2.vcxproj", "{93ED7464-B503-3D4E-B9F9-F5309CF3E1B0}"
	ProjectSection(ProjectDependencies) = postProject
		{36A439D9-1C1D-3649-ADDC-EE8D23DB08BE} = {36A439D9-1C1D-3649-ADDC-EE8D23DB08BE}
	EndProjectSection
EndProject
Project("{8BC9CEB8-8B4A-11D0-8D11-00A0C91BC942}") = "ext_unzip", "..\..\external\unzip\ext_unzip.vcxproj", "{698364E5-E627-3C0C-932B-F6A27F4D2E67}"
	ProjectSection(ProjectDependencies) = postProject
		{36A439D9-1C1D-3649-ADDC-EE8D23DB08BE} = {36A439D9-1C1D-3649-ADDC-EE8D23DB08BE}
	EndProjectSection
EndProject
Project("{8BC9CEB8-8B4A-11D0-8D11-00A0C91BC942}") = "ext_xxhash", "..\..\external\xxhash\ext_xxhash.vcxproj", "{18C94098-0A79-309D-A021-CBAF77C26709}"
	ProjectSection(ProjectDependencies) = postProject
		{36A439D9-1C1D-3649-ADDC-EE8D23DB08BE} = {36A439D9-1C1D-3649-ADDC-EE8D23DB08BE}
	EndProjectSection
EndProject
Project("{8BC9CEB8-8B4A-11D0-8D11-00A0C91BC942}") = "ext_xxtea", "..\..\external\xxtea\ext_xxtea.vcxproj", "{D6EE0027-AEE4-3F37-B858-C84E5585BD42}"
	ProjectSection(ProjectDependencies) = postProject
		{36A439D9-1C1D-3649-ADDC-EE8D23DB08BE} = {36A439D9-1C1D-3649-ADDC-EE8D23DB08BE}
	EndProjectSection
EndProject
Project("{8BC9CEB8-8B4A-11D0-8D11-00A0C91BC942}") = "external", "..\..\external\external.vcxproj", "{82C3B5A8-58BC-307C-B899-3F5D76223F8E}"
	ProjectSection(ProjectDependencies) = postProject
		{36A439D9-1C1D-3649-ADDC-EE8D23DB08BE} = {36A439D9-1C1D-3649-ADDC-EE8D23DB08BE}
		{B9E0AA1C-8D51-39CB-9B15-4DE7B7AA2EBC} = {B9E0AA1C-8D51-39CB-9B15-4DE7B7AA2EBC}
		{904FEFD2-3CBF-3644-9271-C73A52E18137} = {904FEFD2-3CBF-3644-9271-C73A52E18137}
		{7A19BE3A-C6B8-3BEE-AB6B-5995BDA147F4} = {7A19BE3A-C6B8-3BEE-AB6B-5995BDA147F4}
		{BF5FF28C-3BDC-3C34-AD22-7FE3E8B4C904} = {BF5FF28C-3BDC-3C34-AD22-7FE3E8B4C904}
		{B4083E3B-5776-3ADA-BE69-9836E47DB337} = {B4083E3B-5776-3ADA-BE69-9836E47DB337}
		{FC7E6355-B71C-3A2E-AAAD-F025E4C26468} = {FC7E6355-B71C-3A2E-AAAD-F025E4C26468}
		{93ED7464-B503-3D4E-B9F9-F5309CF3E1B0} = {93ED7464-B503-3D4E-B9F9-F5309CF3E1B0}
		{698364E5-E627-3C0C-932B-F6A27F4D2E67} = {698364E5-E627-3C0C-932B-F6A27F4D2E67}
		{18C94098-0A79-309D-A021-CBAF77C26709} = {18C94098-0A79-309D-A021-CBAF77C26709}
		{D6EE0027-AEE4-3F37-B858-C84E5585BD42} = {D6EE0027-AEE4-3F37-B858-C84E5585BD42}
	EndProjectSection
EndProject
Global
	GlobalSection(SolutionConfigurationPlatforms) = preSolution
		Debug|Win32 = Debug|Win32
		Release|Win32 = Release|Win32
		MinSizeRel|Win32 = MinSizeRel|Win32
		RelWithDebInfo|Win32 = RelWithDebInfo|Win32
	EndGlobalSection
	GlobalSection(ProjectConfigurationPlatforms) = postSolution
		{7C43EF12-66B0-318E-A739-BFCDC701003B}.Debug|Win32.ActiveCfg = Debug|Win32
		{7C43EF12-66B0-318E-A739-BFCDC701003B}.Release|Win32.ActiveCfg = Release|Win32
		{7C43EF12-66B0-318E-A739-BFCDC701003B}.MinSizeRel|Win32.ActiveCfg = MinSizeRel|Win32
		{7C43EF12-66B0-318E-A739-BFCDC701003B}.RelWithDebInfo|Win32.ActiveCfg = RelWithDebInfo|Win32
		{36A439D9-1C1D-3649-ADDC-EE8D23DB08BE}.Debug|Win32.ActiveCfg = Debug|Win32
		{36A439D9-1C1D-3649-ADDC-EE8D23DB08BE}.Debug|Win32.Build.0 = Debug|Win32
		{36A439D9-1C1D-3649-ADDC-EE8D23DB08BE}.Release|Win32.ActiveCfg = Release|Win32
		{36A439D9-1C1D-3649-ADDC-EE8D23DB08BE}.Release|Win32.Build.0 = Release|Win32
		{36A439D9-1C1D-3649-ADDC-EE8D23DB08BE}.MinSizeRel|Win32.ActiveCfg = MinSizeRel|Win32
		{36A439D9-1C1D-3649-ADDC-EE8D23DB08BE}.MinSizeRel|Win32.Build.0 = MinSizeRel|Win32
		{36A439D9-1C1D-3649-ADDC-EE8D23DB08BE}.RelWithDebInfo|Win32.ActiveCfg = RelWithDebInfo|Win32
		{36A439D9-1C1D-3649-ADDC-EE8D23DB08BE}.RelWithDebInfo|Win32.Build.0 = RelWithDebInfo|Win32
		{1FAC9B7D-ED06-3DB6-A6FA-8EBFF1B2DB3D}.Debug|Win32.ActiveCfg = Debug|Win32
		{1FAC9B7D-ED06-3DB6-A6FA-8EBFF1B2DB3D}.Debug|Win32.Build.0 = Debug|Win32
		{1FAC9B7D-ED06-3DB6-A6FA-8EBFF1B2DB3D}.Release|Win32.ActiveCfg = Release|Win32
		{1FAC9B7D-ED06-3DB6-A6FA-8EBFF1B2DB3D}.Release|Win32.Build.0 = Release|Win32
		{1FAC9B7D-ED06-3DB6-A6FA-8EBFF1B2DB3D}.MinSizeRel|Win32.ActiveCfg = MinSizeRel|Win32
		{1FAC9B7D-ED06-3DB6-A6FA-8EBFF1B2DB3D}.MinSizeRel|Win32.Build.0 = MinSizeRel|Win32
		{1FAC9B7D-ED06-3DB6-A6FA-8EBFF1B2DB3D}.RelWithDebInfo|Win32.ActiveCfg = RelWithDebInfo|Win32
		{1FAC9B7D-ED06-3DB6-A6FA-8EBFF1B2DB3D}.RelWithDebInfo|Win32.Build.0 = RelWithDebInfo|Win32
		{B9E0AA1C-8D51-39CB-9B15-4DE7B7AA2EBC}.Debug|Win32.ActiveCfg = Debug|Win32
		{B9E0AA1C-8D51-39CB-9B15-4DE7B7AA2EBC}.Debug|Win32.Build.0 = Debug|Win32
		{B9E0AA1C-8D51-39CB-9B15-4DE7B7AA2EBC}.Release|Win32.ActiveCfg = Release|Win32
		{B9E0AA1C-8D51-39CB-9B15-4DE7B7AA2EBC}.Release|Win32.Build.0 = Release|Win32
		{B9E0AA1C-8D51-39CB-9B15-4DE7B7AA2EBC}.MinSizeRel|Win32.ActiveCfg = MinSizeRel|Win32
		{B9E0AA1C-8D51-39CB-9B15-4DE7B7AA2EBC}.MinSizeRel|Win32.Build.0 = MinSizeRel|Win32
		{B9E0AA1C-8D51-39CB-9B15-4DE7B7AA2EBC}.RelWithDebInfo|Win32.ActiveCfg = RelWithDebInfo|Win32
		{B9E0AA1C-8D51-39CB-9B15-4DE7B7AA2EBC}.RelWithDebInfo|Win32.Build.0 = RelWithDebInfo|Win32
		{904FEFD2-3CBF-3644-9271-C73A52E18137}.Debug|Win32.ActiveCfg = Debug|Win32
		{904FEFD2-3CBF-3644-9271-C73A52E18137}.Debug|Win32.Build.0 = Debug|Win32
		{904FEFD2-3CBF-3644-9271-C73A52E18137}.Release|Win32.ActiveCfg = Release|Win32
		{904FEFD2-3CBF-3644-9271-C73A52E18137}.Release|Win32.Build.0 = Release|Win32
		{904FEFD2-3CBF-3644-9271-C73A52E18137}.MinSizeRel|Win32.ActiveCfg = MinSizeRel|Win32
		{904FEFD2-3CBF-3644-9271-C73A52E18137}.MinSizeRel|Win32.Build.0 = MinSizeRel|Win32
		{904FEFD2-3CBF-3644-9271-C73A52E18137}.RelWithDebInfo|Win32.ActiveCfg = RelWithDebInfo|Win32
		{904FEFD2-3CBF-3644-9271-C73A52E18137}.RelWithDebInfo|Win32.Build.0 = RelWithDebInfo|Win32
		{7A19BE3A-C6B8-3BEE-AB6B-5995BDA147F4}.Debug|Win32.ActiveCfg = Debug|Win32
		{7A19BE3A-C6B8-3BEE-AB6B-5995BDA147F4}.Debug|Win32.Build.0 = Debug|Win32
		{7A19BE3A-C6B8-3BEE-AB6B-5995BDA147F4}.Release|Win32.ActiveCfg = Release|Win32
		{7A19BE3A-C6B8-3BEE-AB6B-5995BDA147F4}.Release|Win32.Build.0 = Release|Win32
		{7A19BE3A-C6B8-3BEE-AB6B-5995BDA147F4}.MinSizeRel|Win32.ActiveCfg = MinSizeRel|Win32
		{7A19BE3A-C6B8-3BEE-AB6B-5995BDA147F4}.MinSizeRel|Win32.Build.0 = MinSizeRel|Win32
		{7A19BE3A-C6B8-3BEE-AB6B-5995BDA147F4}.RelWithDebInfo|Win32.ActiveCfg = RelWithDebInfo|Win32
		{7A19BE3A-C6B8-3BEE-AB6B-5995BDA147F4}.RelWithDebInfo|Win32.Build.0 = RelWithDebInfo|Win32
		{BF5FF28C-3BDC-3C34-AD22-7FE3E8B4C904}.Debug|Win32.ActiveCfg = Debug|Win32
		{BF5FF28C-3BDC-3C34-AD22-7FE3E8B4C904}.Debug|Win32.Build.0 = Debug|Win32
		{BF5FF28C-3BDC-3C34-AD22-7FE3E8B4C904}.Release|Win32.ActiveCfg = Release|Win32
		{BF5FF28C-3BDC-3C34-AD22-7FE3E8B4C904}.Release|Win32.Build.0 = Release|Win32
		{BF5FF28C-3BDC-3C34-AD22-7FE3E8B4C904}.MinSizeRel|Win32.ActiveCfg = MinSizeRel|Win32
		{BF5FF28C-3BDC-3C34-AD22-7FE3E8B4C904}.MinSizeRel|Win32.Build.0 = MinSizeRel|Win32
		{BF5FF28C-3BDC-3C34-AD22-7FE3E8B4C904}.RelWithDebInfo|Win32.ActiveCfg = RelWithDebInfo|Win32
		{BF5FF28C-3BDC-3C34-AD22-7FE3E8B4C904}.RelWithDebInfo|Win32.Build.0 = RelWithDebInfo|Win32
		{B4083E3B-5776-3ADA-BE69-9836E47DB337}.Debug|Win32.ActiveCfg = Debug|Win32
		{B4083E3B-5776-3ADA-BE69-9836E47DB337}.Debug|Win32.Build.0 = Debug|Win32
		{B4083E3B-5776-3ADA-BE69-9836E47DB337}.Release|Win32.ActiveCfg = Release|Win32
		{B4083E3B-5776-3ADA-BE69-9836E47DB337}.Release|Win32.Build.0 = Release|Win32
		{B4083E3B-5776-3ADA-BE69-9836E47DB337}.MinSizeRel|Win32.ActiveCfg = MinSizeRel|Win32
		{B4083E3B-5776-3ADA-BE69-9836E47DB337}.MinSizeRel|Win32.Build.0 = MinSizeRel|Win32
		{B4083E3B-5776-3ADA-BE69-9836E47DB337}.RelWithDebInfo|Win32.ActiveCfg = RelWithDebInfo|Win32
		{B4083E3B-5776-3ADA-BE69-9836E47DB337}.RelWithDebInfo|Win32.Build.0 = RelWithDebInfo|Win32
		{FC7E6355-B71C-3A2E-AAAD-F025E4C26468}.Debug|Win32.ActiveCfg = Debug|Win32
		{FC7E6355-B71C-3A2E-AAAD-F025E4C26468}.Debug|Win32.Build.0 = Debug|Win32
		{FC7E6355-B71C-3A2E-AAAD-F025E4C26468}.Release|Win32.ActiveCfg = Release|Win32
		{FC7E6355-B71C-3A2E-AAAD-F025E4C26468}.Release|Win32.Build.0 = Release|Win32
		{FC7E6355-B71C-3A2E-AAAD-F025E4C26468}.MinSizeRel|Win32.ActiveCfg = MinSizeRel|Win32
		{FC7E6355-B71C-3A2E-AAAD-F025E4C26468}.MinSizeRel|Win32.Build.0 = MinSizeRel|Win32
		{FC7E6355-B71C-3A2E-AAAD-F025E4C26468}.RelWithDebInfo|Win32.ActiveCfg = RelWithDebInfo|Win32
		{FC7E6355-B71C-3A2E-AAAD-F025E4C26468}.RelWithDebInfo|Win32.Build.0 = RelWithDebInfo|Win32
		{93ED7464-B503-3D4E-B9F9-F5309CF3E1B0}.Debug|Win32.ActiveCfg = Debug|Win32
		{93ED7464-B503-3D4E-B9F9-F5309CF3E1B0}.Debug|Win32.Build.0 = Debug|Win32
		{93ED7464-B503-3D4E-B9F9-F5309CF3E1B0}.Release|Win32.ActiveCfg = Release|Win32
		{93ED7464-B503-3D4E-B9F9-F5309CF3E1B0}.Release|Win32.Build.0 = Release|Win32
		{93ED7464-B503-3D4E-B9F9-F5309CF3E1B0}.MinSizeRel|Win32.ActiveCfg = MinSizeRel|Win32
		{93ED7464-B503-3D4E-B9F9-F5309CF3E1B0}.MinSizeRel|Win32.Build.0 = MinSizeRel|Win32
		{93ED7464-B503-3D4E-B9F9-F5309CF3E1B0}.RelWithDebInfo|Win32.ActiveCfg = RelWithDebInfo|Win32
		{93ED7464-B503-3D4E-B9F9-F5309CF3E1B0}.RelWithDebInfo|Win32.Build.0 = RelWithDebInfo|Win32
		{698364E5-E627-3C0C-932B-F6A27F4D2E67}.Debug|Win32.ActiveCfg = Debug|Win32
		{698364E5-E627-3C0C-932B-F6A27F4D2E67}.Debug|Win32.Build.0 = Debug|Win32
		{698364E5-E627-3C0C-932B-F6A27F4D2E67}.Release|Win32.ActiveCfg = Release|Win32
		{698364E5-E627-3C0C-932B-F6A27F4D2E67}.Release|Win32.Build.0 = Release|Win32
		{698364E5-E627-3C0C-932B-F6A27F4D2E67}.MinSizeRel|Win32.ActiveCfg = MinSizeRel|Win32
		{698364E5-E627-3C0C-932B-F6A27F4D2E67}.MinSizeRel|Win32.Build.0 = MinSizeRel|Win32
		{698364E5-E627-3C0C-932B-F6A27F4D2E67}.RelWithDebInfo|Win32.ActiveCfg = RelWithDebInfo|Win32
		{698364E5-E627-3C0C-932B-F6A27F4D2E67}.RelWithDebInfo|Win32.Build.0 = RelWithDebInfo|Win32
		{18C94098-0A79-309D-A021-CBAF77C26709}.Debug|Win32.ActiveCfg = Debug|Win32
		{18C94098-0A79-309D-A021-CBAF77C26709}.Debug|Win32.Build.0 = Debug|Win32
		{18C94098-0A79-309D-A021-CBAF77C26709}.Release|Win32.ActiveCfg = Release|Win32
		{18C94098-0A79-309D-A021-CBAF77C26709}.Release|Win32.Build.0 = Release|Win32
		{18C94098-0A79-309D-A021-CBAF77C26709}.MinSizeRel|Win32.ActiveCfg = MinSizeRel|Win32
		{18C94098-0A79-309D-A021-CBAF77C26709}.MinSizeRel|Win32.Build.0 = MinSizeRel|Win32
		{18C94098-0A79-309D-A021-CBAF77C26709}.RelWithDebInfo|Win32.ActiveCfg = RelWithDebInfo|Win32
		{18C94098-0A79-309D-A021-CBAF77C26709}.RelWithDebInfo|Win32.Build.0 = RelWithDebInfo|Win32
		{D6EE0027-AEE4-3F37-B858-C84E5585BD42}.Debug|Win32.ActiveCfg = Debug|Win32
		{D6EE0027-AEE4-3F37-B858-C84E5585BD42}.Debug|Win32.Build.0 = Debug|Win32
		{D6EE0027-AEE4-3F37-B858-C84E5585BD42}.Release|Win32.ActiveCfg = Release|Win32
		{D6EE0027-AEE4-3F37-B858-C84E5585BD42}.Release|Win32.Build.0 = Release|Win32
		{D6EE0027-AEE4-3F37-B858-C84E5585BD42}.MinSizeRel|Win32.ActiveCfg = MinSizeRel|Win32
		{D6EE0027-AEE4-3F37-B858-C84E5585BD42}.MinSizeRel|Win32.Build.0 = MinSizeRel|Win32
		{D6EE0027-AEE4-3F37-B858-C84E5585BD42}.RelWithDebInfo|Win32.ActiveCfg = RelWithDebInfo|Win32
		{D6EE0027-AEE4-3F37-B858-C84E5585BD42}.RelWithDebInfo|Win32.Build.0 = RelWithDebInfo|Win32
		{82C3B5A8-58BC-307C-B899-3F5D76223F8E}.Debug|Win32.ActiveCfg = Debug|Win32
		{82C3B5A8-58BC-307C-B899-3F5D76223F8E}.Debug|Win32.Build.0 = Debug|Win32
		{82C3B5A8-58BC-307C-B899-3F5D76223F8E}.Release|Win32.ActiveCfg = Release|Win32
		{82C3B5A8-58BC-307C-B899-3F5D76223F8E}.Release|Win32.Build.0 = Release|Win32
		{82C3B5A8-58BC-307C-B899-3F5D76223F8E}.MinSizeRel|Win32.ActiveCfg = MinSizeRel|Win32
		{82C3B5A8-58BC-307C-B899-3F5D76223F8E}.MinSizeRel|Win32.Build.0 = MinSizeRel|Win32
		{82C3B5A8-58BC-307C-B899-3F5D76223F8E}.RelWithDebInfo|Win32.ActiveCfg = RelWithDebInfo|Win32
		{82C3B5A8-58BC-307C-B899-3F5D76223F8E}.RelWithDebInfo|Win32.Build.0 = RelWithDebInfo|Win32
	EndGlobalSection
	GlobalSection(NestedProjects) = preSolution
		{7C43EF12-66B0-318E-A739-BFCDC701003B} = {B11CD54E-E05D-333C-8808-BA72601A1F5D}
		{36A439D9-1C1D-3649-ADDC-EE8D23DB08BE} = {B11CD54E-E05D-333C-8808-BA72601A1F5D}
		{B9E0AA1C-8D51-39CB-9B15-4DE7B7AA2EBC} = {FC4A0FFE-1D0B-30C2-A3CC-33210CEB3B41}
		{904FEFD2-3CBF-3644-9271-C73A52E18137} = {FC4A0FFE-1D0B-30C2-A3CC-33210CEB3B41}
		{7A19BE3A-C6B8-3BEE-AB6B-5995BDA147F4} = {FC4A0FFE-1D0B-30C2-A3CC-33210CEB3B41}
		{BF5FF28C-3BDC-3C34-AD22-7FE3E8B4C904} = {FC4A0FFE-1D0B-30C2-A3CC-33210CEB3B41}
		{B4083E3B-5776-3ADA-BE69-9836E47DB337} = {FC4A0FFE-1D0B-30C2-A3CC-33210CEB3B41}
		{FC7E6355-B71C-3A2E-AAAD-F025E4C26468} = {FC4A0FFE-1D0B-30C2-A3CC-33210CEB3B41}
		{93ED7464-B503-3D4E-B9F9-F5309CF3E1B0} = {FC4A0FFE-1D0B-30C2-A3CC-33210CEB3B41}
		{698364E5-E627-3C0C-932B-F6A27F4D2E67} = {FC4A0FFE-1D0B-30C2-A3CC-33210CEB3B41}
		{18C94098-0A79-309D-A021-CBAF77C26709} = {FC4A0FFE-1D0B-30C2-A3CC-33210CEB3B41}
		{D6EE0027-AEE4-3F37-B858-C84E5585BD42} = {FC4A0FFE-1D0B-30C2-A3CC-33210CEB3B41}
		{82C3B5A8-58BC-307C-B899-3F5D76223F8E} = {FC4A0FFE-1D0B-30C2-A3CC-33210CEB3B41}
		{1FAC9B7D-ED06-3DB6-A6FA-8EBFF1B2DB3D} = {36236BC5-BB91-3102-8209-D5E20F88F4C5}
	EndGlobalSection
	GlobalSection(ExtensibilityGlobals) = postSolution
		SolutionGuid = {27494BF7-52B5-3BA6-8454-F0B5C08DF80A}
	EndGlobalSection
	GlobalSection(ExtensibilityAddIns) = postSolution
	EndGlobalSection
EndGlobal
