Microsoft Visual Studio Solution File, Format Version 12.00
# Visual Studio 15
Project("{2150E333-8FDC-42A3-9474-1A3956D46DE8}") = "CMakePredefinedTargets", "CMakePredefinedTargets", "{E0677BA8-5BD7-3D61-A2DC-7139C9F80258}"
EndProject
Project("{2150E333-8FDC-42A3-9474-1A3956D46DE8}") = "External", "External", "{4EFDCADA-20C2-3FC7-A6C7-2A9F3A00D3EB}"
EndProject
Project("{2150E333-8FDC-42A3-9474-1A3956D46DE8}") = "Internal", "Internal", "{898E4F05-C381-30B3-8F48-455D4B650C22}"
EndProject
Project("{2150E333-8FDC-42A3-9474-1A3956D46DE8}") = "Utils", "Utils", "{FD7F1B32-813A-37AE-8605-7B0C954656C9}"
EndProject
Project("{8BC9CEB8-8B4A-11D0-8D11-00A0C91BC942}") = "ALL_BUILD", "ALL_BUILD.vcxproj", "{0124EDD9-4F45-3964-A985-2A1AD6C2D13C}"
	ProjectSection(ProjectDependencies) = postProject
		{2FEE8485-6C41-3ED5-B6BE-F01E853053E3} = {2FEE8485-6C41-3ED5-B6BE-F01E853053E3}
		{D0B3CBD6-9DA7-3C91-BE01-F2907ACABD25} = {D0B3CBD6-9DA7-3C91-BE01-F2907ACABD25}
		{C090A307-60A6-3037-BBD2-977FAF98A38B} = {C090A307-60A6-3037-BBD2-977FAF98A38B}
		{AABE7382-A3A4-336B-BA92-3D9B66FE89F7} = {AABE7382-A3A4-336B-BA92-3D9B66FE89F7}
		{CDA77E6D-1132-3D7B-9E7A-C711DE5B84A2} = {CDA77E6D-1132-3D7B-9E7A-C711DE5B84A2}
		{F07C0AA2-0E1F-3D36-B8A3-4910A7B6CF9B} = {F07C0AA2-0E1F-3D36-B8A3-4910A7B6CF9B}
		{9064C315-BF67-3E74-8ED3-85B43712F8D8} = {9064C315-BF67-3E74-8ED3-85B43712F8D8}
		{39857426-6406-3239-BC91-89DDBFDF479B} = {39857426-6406-3239-BC91-89DDBFDF479B}
		{F0959C32-70AA-398A-93CB-521F78265B45} = {F0959C32-70AA-398A-93CB-521F78265B45}
		{553E3335-EC4D-3B9C-8751-73FEEF69675C} = {553E3335-EC4D-3B9C-8751-73FEEF69675C}
		{F68ABEE0-1D3D-3205-8795-C1D5398D11C7} = {F68ABEE0-1D3D-3205-8795-C1D5398D11C7}
		{B99C8CEA-8CC2-37BF-AED1-50EBCC5D374D} = {B99C8CEA-8CC2-37BF-AED1-50EBCC5D374D}
		{36F6AB4B-DA09-3326-99A7-367A57222AFD} = {36F6AB4B-DA09-3326-99A7-367A57222AFD}
		{F265F1A3-F7D0-3898-B13E-8029FAE12B3B} = {F265F1A3-F7D0-3898-B13E-8029FAE12B3B}
		{71EDB5E4-72D6-33E2-B6DC-6D1A82396E63} = {71EDB5E4-72D6-33E2-B6DC-6D1A82396E63}
	EndProjectSection
EndProject
Project("{8BC9CEB8-8B4A-11D0-8D11-00A0C91BC942}") = "SYNC_RESOURCE-SpaceInvater", "SYNC_RESOURCE-SpaceInvater.vcxproj", "{2FEE8485-6C41-3ED5-B6BE-F01E853053E3}"
	ProjectSection(ProjectDependencies) = postProject
		{C090A307-60A6-3037-BBD2-977FAF98A38B} = {C090A307-60A6-3037-BBD2-977FAF98A38B}
	EndProjectSection
EndProject
Project("{8BC9CEB8-8B4A-11D0-8D11-00A0C91BC942}") = "SpaceInvater", "SpaceInvater.vcxproj", "{D0B3CBD6-9DA7-3C91-BE01-F2907ACABD25}"
	ProjectSection(ProjectDependencies) = postProject
		{2FEE8485-6C41-3ED5-B6BE-F01E853053E3} = {2FEE8485-6C41-3ED5-B6BE-F01E853053E3}
		{C090A307-60A6-3037-BBD2-977FAF98A38B} = {C090A307-60A6-3037-BBD2-977FAF98A38B}
		{AABE7382-A3A4-336B-BA92-3D9B66FE89F7} = {AABE7382-A3A4-336B-BA92-3D9B66FE89F7}
		{CDA77E6D-1132-3D7B-9E7A-C711DE5B84A2} = {CDA77E6D-1132-3D7B-9E7A-C711DE5B84A2}
		{F07C0AA2-0E1F-3D36-B8A3-4910A7B6CF9B} = {F07C0AA2-0E1F-3D36-B8A3-4910A7B6CF9B}
		{9064C315-BF67-3E74-8ED3-85B43712F8D8} = {9064C315-BF67-3E74-8ED3-85B43712F8D8}
		{39857426-6406-3239-BC91-89DDBFDF479B} = {39857426-6406-3239-BC91-89DDBFDF479B}
		{F0959C32-70AA-398A-93CB-521F78265B45} = {F0959C32-70AA-398A-93CB-521F78265B45}
		{553E3335-EC4D-3B9C-8751-73FEEF69675C} = {553E3335-EC4D-3B9C-8751-73FEEF69675C}
		{F68ABEE0-1D3D-3205-8795-C1D5398D11C7} = {F68ABEE0-1D3D-3205-8795-C1D5398D11C7}
		{B99C8CEA-8CC2-37BF-AED1-50EBCC5D374D} = {B99C8CEA-8CC2-37BF-AED1-50EBCC5D374D}
		{36F6AB4B-DA09-3326-99A7-367A57222AFD} = {36F6AB4B-DA09-3326-99A7-367A57222AFD}
		{F265F1A3-F7D0-3898-B13E-8029FAE12B3B} = {F265F1A3-F7D0-3898-B13E-8029FAE12B3B}
		{71EDB5E4-72D6-33E2-B6DC-6D1A82396E63} = {71EDB5E4-72D6-33E2-B6DC-6D1A82396E63}
	EndProjectSection
EndProject
Project("{8BC9CEB8-8B4A-11D0-8D11-00A0C91BC942}") = "ZERO_CHECK", "ZERO_CHECK.vcxproj", "{C090A307-60A6-3037-BBD2-977FAF98A38B}"
	ProjectSection(ProjectDependencies) = postProject
	EndProjectSection
EndProject
Project("{8BC9CEB8-8B4A-11D0-8D11-00A0C91BC942}") = "cocos2d", "engine\cocos\core\cocos2d.vcxproj", "{AABE7382-A3A4-336B-BA92-3D9B66FE89F7}"
	ProjectSection(ProjectDependencies) = postProject
		{C090A307-60A6-3037-BBD2-977FAF98A38B} = {C090A307-60A6-3037-BBD2-977FAF98A38B}
		{CDA77E6D-1132-3D7B-9E7A-C711DE5B84A2} = {CDA77E6D-1132-3D7B-9E7A-C711DE5B84A2}
		{F07C0AA2-0E1F-3D36-B8A3-4910A7B6CF9B} = {F07C0AA2-0E1F-3D36-B8A3-4910A7B6CF9B}
		{9064C315-BF67-3E74-8ED3-85B43712F8D8} = {9064C315-BF67-3E74-8ED3-85B43712F8D8}
		{39857426-6406-3239-BC91-89DDBFDF479B} = {39857426-6406-3239-BC91-89DDBFDF479B}
		{F0959C32-70AA-398A-93CB-521F78265B45} = {F0959C32-70AA-398A-93CB-521F78265B45}
		{553E3335-EC4D-3B9C-8751-73FEEF69675C} = {553E3335-EC4D-3B9C-8751-73FEEF69675C}
		{F68ABEE0-1D3D-3205-8795-C1D5398D11C7} = {F68ABEE0-1D3D-3205-8795-C1D5398D11C7}
		{B99C8CEA-8CC2-37BF-AED1-50EBCC5D374D} = {B99C8CEA-8CC2-37BF-AED1-50EBCC5D374D}
		{36F6AB4B-DA09-3326-99A7-367A57222AFD} = {36F6AB4B-DA09-3326-99A7-367A57222AFD}
		{F265F1A3-F7D0-3898-B13E-8029FAE12B3B} = {F265F1A3-F7D0-3898-B13E-8029FAE12B3B}
		{71EDB5E4-72D6-33E2-B6DC-6D1A82396E63} = {71EDB5E4-72D6-33E2-B6DC-6D1A82396E63}
	EndProjectSection
EndProject
Project("{8BC9CEB8-8B4A-11D0-8D11-00A0C91BC942}") = "ext_clipper", "engine\external\clipper\ext_clipper.vcxproj", "{CDA77E6D-1132-3D7B-9E7A-C711DE5B84A2}"
	ProjectSection(ProjectDependencies) = postProject
		{C090A307-60A6-3037-BBD2-977FAF98A38B} = {C090A307-60A6-3037-BBD2-977FAF98A38B}
	EndProjectSection
EndProject
Project("{8BC9CEB8-8B4A-11D0-8D11-00A0C91BC942}") = "ext_convertUTF", "engine\external\ConvertUTF\ext_convertUTF.vcxproj", "{F07C0AA2-0E1F-3D36-B8A3-4910A7B6CF9B}"
	ProjectSection(ProjectDependencies) = postProject
		{C090A307-60A6-3037-BBD2-977FAF98A38B} = {C090A307-60A6-3037-BBD2-977FAF98A38B}
	EndProjectSection
EndProject
Project("{8BC9CEB8-8B4A-11D0-8D11-00A0C91BC942}") = "ext_edtaa3func", "engine\external\edtaa3func\ext_edtaa3func.vcxproj", "{9064C315-BF67-3E74-8ED3-85B43712F8D8}"
	ProjectSection(ProjectDependencies) = postProject
		{C090A307-60A6-3037-BBD2-977FAF98A38B} = {C090A307-60A6-3037-BBD2-977FAF98A38B}
	EndProjectSection
EndProject
Project("{8BC9CEB8-8B4A-11D0-8D11-00A0C91BC942}") = "ext_md5", "engine\external\md5\ext_md5.vcxproj", "{39857426-6406-3239-BC91-89DDBFDF479B}"
	ProjectSection(ProjectDependencies) = postProject
		{C090A307-60A6-3037-BBD2-977FAF98A38B} = {C090A307-60A6-3037-BBD2-977FAF98A38B}
	EndProjectSection
EndProject
Project("{8BC9CEB8-8B4A-11D0-8D11-00A0C91BC942}") = "ext_poly2tri", "engine\external\poly2tri\ext_poly2tri.vcxproj", "{F0959C32-70AA-398A-93CB-521F78265B45}"
	ProjectSection(ProjectDependencies) = postProject
		{C090A307-60A6-3037-BBD2-977FAF98A38B} = {C090A307-60A6-3037-BBD2-977FAF98A38B}
	EndProjectSection
EndProject
Project("{8BC9CEB8-8B4A-11D0-8D11-00A0C91BC942}") = "ext_recast", "engine\external\recast\ext_recast.vcxproj", "{553E3335-EC4D-3B9C-8751-73FEEF69675C}"
	ProjectSection(ProjectDependencies) = postProject
		{C090A307-60A6-3037-BBD2-977FAF98A38B} = {C090A307-60A6-3037-BBD2-977FAF98A38B}
	EndProjectSection
EndProject
Project("{8BC9CEB8-8B4A-11D0-8D11-00A0C91BC942}") = "ext_tinyxml2", "engine\external\tinyxml2\ext_tinyxml2.vcxproj", "{F68ABEE0-1D3D-3205-8795-C1D5398D11C7}"
	ProjectSection(ProjectDependencies) = postProject
		{C090A307-60A6-3037-BBD2-977FAF98A38B} = {C090A307-60A6-3037-BBD2-977FAF98A38B}
	EndProjectSection
EndProject
Project("{8BC9CEB8-8B4A-11D0-8D11-00A0C91BC942}") = "ext_unzip", "engine\external\unzip\ext_unzip.vcxproj", "{B99C8CEA-8CC2-37BF-AED1-50EBCC5D374D}"
	ProjectSection(ProjectDependencies) = postProject
		{C090A307-60A6-3037-BBD2-977FAF98A38B} = {C090A307-60A6-3037-BBD2-977FAF98A38B}
	EndProjectSection
EndProject
Project("{8BC9CEB8-8B4A-11D0-8D11-00A0C91BC942}") = "ext_xxhash", "engine\external\xxhash\ext_xxhash.vcxproj", "{36F6AB4B-DA09-3326-99A7-367A57222AFD}"
	ProjectSection(ProjectDependencies) = postProject
		{C090A307-60A6-3037-BBD2-977FAF98A38B} = {C090A307-60A6-3037-BBD2-977FAF98A38B}
	EndProjectSection
EndProject
Project("{8BC9CEB8-8B4A-11D0-8D11-00A0C91BC942}") = "ext_xxtea", "engine\external\xxtea\ext_xxtea.vcxproj", "{F265F1A3-F7D0-3898-B13E-8029FAE12B3B}"
	ProjectSection(ProjectDependencies) = postProject
		{C090A307-60A6-3037-BBD2-977FAF98A38B} = {C090A307-60A6-3037-BBD2-977FAF98A38B}
	EndProjectSection
EndProject
Project("{8BC9CEB8-8B4A-11D0-8D11-00A0C91BC942}") = "external", "engine\external\external.vcxproj", "{71EDB5E4-72D6-33E2-B6DC-6D1A82396E63}"
	ProjectSection(ProjectDependencies) = postProject
		{C090A307-60A6-3037-BBD2-977FAF98A38B} = {C090A307-60A6-3037-BBD2-977FAF98A38B}
		{CDA77E6D-1132-3D7B-9E7A-C711DE5B84A2} = {CDA77E6D-1132-3D7B-9E7A-C711DE5B84A2}
		{F07C0AA2-0E1F-3D36-B8A3-4910A7B6CF9B} = {F07C0AA2-0E1F-3D36-B8A3-4910A7B6CF9B}
		{9064C315-BF67-3E74-8ED3-85B43712F8D8} = {9064C315-BF67-3E74-8ED3-85B43712F8D8}
		{39857426-6406-3239-BC91-89DDBFDF479B} = {39857426-6406-3239-BC91-89DDBFDF479B}
		{F0959C32-70AA-398A-93CB-521F78265B45} = {F0959C32-70AA-398A-93CB-521F78265B45}
		{553E3335-EC4D-3B9C-8751-73FEEF69675C} = {553E3335-EC4D-3B9C-8751-73FEEF69675C}
		{F68ABEE0-1D3D-3205-8795-C1D5398D11C7} = {F68ABEE0-1D3D-3205-8795-C1D5398D11C7}
		{B99C8CEA-8CC2-37BF-AED1-50EBCC5D374D} = {B99C8CEA-8CC2-37BF-AED1-50EBCC5D374D}
		{36F6AB4B-DA09-3326-99A7-367A57222AFD} = {36F6AB4B-DA09-3326-99A7-367A57222AFD}
		{F265F1A3-F7D0-3898-B13E-8029FAE12B3B} = {F265F1A3-F7D0-3898-B13E-8029FAE12B3B}
	EndProjectSection
EndProject
Global
	GlobalSection(SolutionConfigurationPlatforms) = preSolution
		Debug|Win32 = Debug|Win32
		Release|Win32 = Release|Win32
		MinSizeRel|Win32 = MinSizeRel|Win32
		RelWithDebInfo|Win32 = RelWithDebInfo|Win32
	EndGlobalSection
	GlobalSection(ProjectConfigurationPlatforms) = postSolution
		{0124EDD9-4F45-3964-A985-2A1AD6C2D13C}.Debug|Win32.ActiveCfg = Debug|Win32
		{0124EDD9-4F45-3964-A985-2A1AD6C2D13C}.Release|Win32.ActiveCfg = Release|Win32
		{0124EDD9-4F45-3964-A985-2A1AD6C2D13C}.MinSizeRel|Win32.ActiveCfg = MinSizeRel|Win32
		{0124EDD9-4F45-3964-A985-2A1AD6C2D13C}.RelWithDebInfo|Win32.ActiveCfg = RelWithDebInfo|Win32
		{2FEE8485-6C41-3ED5-B6BE-F01E853053E3}.Debug|Win32.ActiveCfg = Debug|Win32
		{2FEE8485-6C41-3ED5-B6BE-F01E853053E3}.Debug|Win32.Build.0 = Debug|Win32
		{2FEE8485-6C41-3ED5-B6BE-F01E853053E3}.Release|Win32.ActiveCfg = Release|Win32
		{2FEE8485-6C41-3ED5-B6BE-F01E853053E3}.Release|Win32.Build.0 = Release|Win32
		{2FEE8485-6C41-3ED5-B6BE-F01E853053E3}.MinSizeRel|Win32.ActiveCfg = MinSizeRel|Win32
		{2FEE8485-6C41-3ED5-B6BE-F01E853053E3}.MinSizeRel|Win32.Build.0 = MinSizeRel|Win32
		{2FEE8485-6C41-3ED5-B6BE-F01E853053E3}.RelWithDebInfo|Win32.ActiveCfg = RelWithDebInfo|Win32
		{2FEE8485-6C41-3ED5-B6BE-F01E853053E3}.RelWithDebInfo|Win32.Build.0 = RelWithDebInfo|Win32
		{D0B3CBD6-9DA7-3C91-BE01-F2907ACABD25}.Debug|Win32.ActiveCfg = Debug|Win32
		{D0B3CBD6-9DA7-3C91-BE01-F2907ACABD25}.Debug|Win32.Build.0 = Debug|Win32
		{D0B3CBD6-9DA7-3C91-BE01-F2907ACABD25}.Release|Win32.ActiveCfg = Release|Win32
		{D0B3CBD6-9DA7-3C91-BE01-F2907ACABD25}.Release|Win32.Build.0 = Release|Win32
		{D0B3CBD6-9DA7-3C91-BE01-F2907ACABD25}.MinSizeRel|Win32.ActiveCfg = MinSizeRel|Win32
		{D0B3CBD6-9DA7-3C91-BE01-F2907ACABD25}.MinSizeRel|Win32.Build.0 = MinSizeRel|Win32
		{D0B3CBD6-9DA7-3C91-BE01-F2907ACABD25}.RelWithDebInfo|Win32.ActiveCfg = RelWithDebInfo|Win32
		{D0B3CBD6-9DA7-3C91-BE01-F2907ACABD25}.RelWithDebInfo|Win32.Build.0 = RelWithDebInfo|Win32
		{C090A307-60A6-3037-BBD2-977FAF98A38B}.Debug|Win32.ActiveCfg = Debug|Win32
		{C090A307-60A6-3037-BBD2-977FAF98A38B}.Debug|Win32.Build.0 = Debug|Win32
		{C090A307-60A6-3037-BBD2-977FAF98A38B}.Release|Win32.ActiveCfg = Release|Win32
		{C090A307-60A6-3037-BBD2-977FAF98A38B}.Release|Win32.Build.0 = Release|Win32
		{C090A307-60A6-3037-BBD2-977FAF98A38B}.MinSizeRel|Win32.ActiveCfg = MinSizeRel|Win32
		{C090A307-60A6-3037-BBD2-977FAF98A38B}.MinSizeRel|Win32.Build.0 = MinSizeRel|Win32
		{C090A307-60A6-3037-BBD2-977FAF98A38B}.RelWithDebInfo|Win32.ActiveCfg = RelWithDebInfo|Win32
		{C090A307-60A6-3037-BBD2-977FAF98A38B}.RelWithDebInfo|Win32.Build.0 = RelWithDebInfo|Win32
		{AABE7382-A3A4-336B-BA92-3D9B66FE89F7}.Debug|Win32.ActiveCfg = Debug|Win32
		{AABE7382-A3A4-336B-BA92-3D9B66FE89F7}.Debug|Win32.Build.0 = Debug|Win32
		{AABE7382-A3A4-336B-BA92-3D9B66FE89F7}.Release|Win32.ActiveCfg = Release|Win32
		{AABE7382-A3A4-336B-BA92-3D9B66FE89F7}.Release|Win32.Build.0 = Release|Win32
		{AABE7382-A3A4-336B-BA92-3D9B66FE89F7}.MinSizeRel|Win32.ActiveCfg = MinSizeRel|Win32
		{AABE7382-A3A4-336B-BA92-3D9B66FE89F7}.MinSizeRel|Win32.Build.0 = MinSizeRel|Win32
		{AABE7382-A3A4-336B-BA92-3D9B66FE89F7}.RelWithDebInfo|Win32.ActiveCfg = RelWithDebInfo|Win32
		{AABE7382-A3A4-336B-BA92-3D9B66FE89F7}.RelWithDebInfo|Win32.Build.0 = RelWithDebInfo|Win32
		{CDA77E6D-1132-3D7B-9E7A-C711DE5B84A2}.Debug|Win32.ActiveCfg = Debug|Win32
		{CDA77E6D-1132-3D7B-9E7A-C711DE5B84A2}.Debug|Win32.Build.0 = Debug|Win32
		{CDA77E6D-1132-3D7B-9E7A-C711DE5B84A2}.Release|Win32.ActiveCfg = Release|Win32
		{CDA77E6D-1132-3D7B-9E7A-C711DE5B84A2}.Release|Win32.Build.0 = Release|Win32
		{CDA77E6D-1132-3D7B-9E7A-C711DE5B84A2}.MinSizeRel|Win32.ActiveCfg = MinSizeRel|Win32
		{CDA77E6D-1132-3D7B-9E7A-C711DE5B84A2}.MinSizeRel|Win32.Build.0 = MinSizeRel|Win32
		{CDA77E6D-1132-3D7B-9E7A-C711DE5B84A2}.RelWithDebInfo|Win32.ActiveCfg = RelWithDebInfo|Win32
		{CDA77E6D-1132-3D7B-9E7A-C711DE5B84A2}.RelWithDebInfo|Win32.Build.0 = RelWithDebInfo|Win32
		{F07C0AA2-0E1F-3D36-B8A3-4910A7B6CF9B}.Debug|Win32.ActiveCfg = Debug|Win32
		{F07C0AA2-0E1F-3D36-B8A3-4910A7B6CF9B}.Debug|Win32.Build.0 = Debug|Win32
		{F07C0AA2-0E1F-3D36-B8A3-4910A7B6CF9B}.Release|Win32.ActiveCfg = Release|Win32
		{F07C0AA2-0E1F-3D36-B8A3-4910A7B6CF9B}.Release|Win32.Build.0 = Release|Win32
		{F07C0AA2-0E1F-3D36-B8A3-4910A7B6CF9B}.MinSizeRel|Win32.ActiveCfg = MinSizeRel|Win32
		{F07C0AA2-0E1F-3D36-B8A3-4910A7B6CF9B}.MinSizeRel|Win32.Build.0 = MinSizeRel|Win32
		{F07C0AA2-0E1F-3D36-B8A3-4910A7B6CF9B}.RelWithDebInfo|Win32.ActiveCfg = RelWithDebInfo|Win32
		{F07C0AA2-0E1F-3D36-B8A3-4910A7B6CF9B}.RelWithDebInfo|Win32.Build.0 = RelWithDebInfo|Win32
		{9064C315-BF67-3E74-8ED3-85B43712F8D8}.Debug|Win32.ActiveCfg = Debug|Win32
		{9064C315-BF67-3E74-8ED3-85B43712F8D8}.Debug|Win32.Build.0 = Debug|Win32
		{9064C315-BF67-3E74-8ED3-85B43712F8D8}.Release|Win32.ActiveCfg = Release|Win32
		{9064C315-BF67-3E74-8ED3-85B43712F8D8}.Release|Win32.Build.0 = Release|Win32
		{9064C315-BF67-3E74-8ED3-85B43712F8D8}.MinSizeRel|Win32.ActiveCfg = MinSizeRel|Win32
		{9064C315-BF67-3E74-8ED3-85B43712F8D8}.MinSizeRel|Win32.Build.0 = MinSizeRel|Win32
		{9064C315-BF67-3E74-8ED3-85B43712F8D8}.RelWithDebInfo|Win32.ActiveCfg = RelWithDebInfo|Win32
		{9064C315-BF67-3E74-8ED3-85B43712F8D8}.RelWithDebInfo|Win32.Build.0 = RelWithDebInfo|Win32
		{39857426-6406-3239-BC91-89DDBFDF479B}.Debug|Win32.ActiveCfg = Debug|Win32
		{39857426-6406-3239-BC91-89DDBFDF479B}.Debug|Win32.Build.0 = Debug|Win32
		{39857426-6406-3239-BC91-89DDBFDF479B}.Release|Win32.ActiveCfg = Release|Win32
		{39857426-6406-3239-BC91-89DDBFDF479B}.Release|Win32.Build.0 = Release|Win32
		{39857426-6406-3239-BC91-89DDBFDF479B}.MinSizeRel|Win32.ActiveCfg = MinSizeRel|Win32
		{39857426-6406-3239-BC91-89DDBFDF479B}.MinSizeRel|Win32.Build.0 = MinSizeRel|Win32
		{39857426-6406-3239-BC91-89DDBFDF479B}.RelWithDebInfo|Win32.ActiveCfg = RelWithDebInfo|Win32
		{39857426-6406-3239-BC91-89DDBFDF479B}.RelWithDebInfo|Win32.Build.0 = RelWithDebInfo|Win32
		{F0959C32-70AA-398A-93CB-521F78265B45}.Debug|Win32.ActiveCfg = Debug|Win32
		{F0959C32-70AA-398A-93CB-521F78265B45}.Debug|Win32.Build.0 = Debug|Win32
		{F0959C32-70AA-398A-93CB-521F78265B45}.Release|Win32.ActiveCfg = Release|Win32
		{F0959C32-70AA-398A-93CB-521F78265B45}.Release|Win32.Build.0 = Release|Win32
		{F0959C32-70AA-398A-93CB-521F78265B45}.MinSizeRel|Win32.ActiveCfg = MinSizeRel|Win32
		{F0959C32-70AA-398A-93CB-521F78265B45}.MinSizeRel|Win32.Build.0 = MinSizeRel|Win32
		{F0959C32-70AA-398A-93CB-521F78265B45}.RelWithDebInfo|Win32.ActiveCfg = RelWithDebInfo|Win32
		{F0959C32-70AA-398A-93CB-521F78265B45}.RelWithDebInfo|Win32.Build.0 = RelWithDebInfo|Win32
		{553E3335-EC4D-3B9C-8751-73FEEF69675C}.Debug|Win32.ActiveCfg = Debug|Win32
		{553E3335-EC4D-3B9C-8751-73FEEF69675C}.Debug|Win32.Build.0 = Debug|Win32
		{553E3335-EC4D-3B9C-8751-73FEEF69675C}.Release|Win32.ActiveCfg = Release|Win32
		{553E3335-EC4D-3B9C-8751-73FEEF69675C}.Release|Win32.Build.0 = Release|Win32
		{553E3335-EC4D-3B9C-8751-73FEEF69675C}.MinSizeRel|Win32.ActiveCfg = MinSizeRel|Win32
		{553E3335-EC4D-3B9C-8751-73FEEF69675C}.MinSizeRel|Win32.Build.0 = MinSizeRel|Win32
		{553E3335-EC4D-3B9C-8751-73FEEF69675C}.RelWithDebInfo|Win32.ActiveCfg = RelWithDebInfo|Win32
		{553E3335-EC4D-3B9C-8751-73FEEF69675C}.RelWithDebInfo|Win32.Build.0 = RelWithDebInfo|Win32
		{F68ABEE0-1D3D-3205-8795-C1D5398D11C7}.Debug|Win32.ActiveCfg = Debug|Win32
		{F68ABEE0-1D3D-3205-8795-C1D5398D11C7}.Debug|Win32.Build.0 = Debug|Win32
		{F68ABEE0-1D3D-3205-8795-C1D5398D11C7}.Release|Win32.ActiveCfg = Release|Win32
		{F68ABEE0-1D3D-3205-8795-C1D5398D11C7}.Release|Win32.Build.0 = Release|Win32
		{F68ABEE0-1D3D-3205-8795-C1D5398D11C7}.MinSizeRel|Win32.ActiveCfg = MinSizeRel|Win32
		{F68ABEE0-1D3D-3205-8795-C1D5398D11C7}.MinSizeRel|Win32.Build.0 = MinSizeRel|Win32
		{F68ABEE0-1D3D-3205-8795-C1D5398D11C7}.RelWithDebInfo|Win32.ActiveCfg = RelWithDebInfo|Win32
		{F68ABEE0-1D3D-3205-8795-C1D5398D11C7}.RelWithDebInfo|Win32.Build.0 = RelWithDebInfo|Win32
		{B99C8CEA-8CC2-37BF-AED1-50EBCC5D374D}.Debug|Win32.ActiveCfg = Debug|Win32
		{B99C8CEA-8CC2-37BF-AED1-50EBCC5D374D}.Debug|Win32.Build.0 = Debug|Win32
		{B99C8CEA-8CC2-37BF-AED1-50EBCC5D374D}.Release|Win32.ActiveCfg = Release|Win32
		{B99C8CEA-8CC2-37BF-AED1-50EBCC5D374D}.Release|Win32.Build.0 = Release|Win32
		{B99C8CEA-8CC2-37BF-AED1-50EBCC5D374D}.MinSizeRel|Win32.ActiveCfg = MinSizeRel|Win32
		{B99C8CEA-8CC2-37BF-AED1-50EBCC5D374D}.MinSizeRel|Win32.Build.0 = MinSizeRel|Win32
		{B99C8CEA-8CC2-37BF-AED1-50EBCC5D374D}.RelWithDebInfo|Win32.ActiveCfg = RelWithDebInfo|Win32
		{B99C8CEA-8CC2-37BF-AED1-50EBCC5D374D}.RelWithDebInfo|Win32.Build.0 = RelWithDebInfo|Win32
		{36F6AB4B-DA09-3326-99A7-367A57222AFD}.Debug|Win32.ActiveCfg = Debug|Win32
		{36F6AB4B-DA09-3326-99A7-367A57222AFD}.Debug|Win32.Build.0 = Debug|Win32
		{36F6AB4B-DA09-3326-99A7-367A57222AFD}.Release|Win32.ActiveCfg = Release|Win32
		{36F6AB4B-DA09-3326-99A7-367A57222AFD}.Release|Win32.Build.0 = Release|Win32
		{36F6AB4B-DA09-3326-99A7-367A57222AFD}.MinSizeRel|Win32.ActiveCfg = MinSizeRel|Win32
		{36F6AB4B-DA09-3326-99A7-367A57222AFD}.MinSizeRel|Win32.Build.0 = MinSizeRel|Win32
		{36F6AB4B-DA09-3326-99A7-367A57222AFD}.RelWithDebInfo|Win32.ActiveCfg = RelWithDebInfo|Win32
		{36F6AB4B-DA09-3326-99A7-367A57222AFD}.RelWithDebInfo|Win32.Build.0 = RelWithDebInfo|Win32
		{F265F1A3-F7D0-3898-B13E-8029FAE12B3B}.Debug|Win32.ActiveCfg = Debug|Win32
		{F265F1A3-F7D0-3898-B13E-8029FAE12B3B}.Debug|Win32.Build.0 = Debug|Win32
		{F265F1A3-F7D0-3898-B13E-8029FAE12B3B}.Release|Win32.ActiveCfg = Release|Win32
		{F265F1A3-F7D0-3898-B13E-8029FAE12B3B}.Release|Win32.Build.0 = Release|Win32
		{F265F1A3-F7D0-3898-B13E-8029FAE12B3B}.MinSizeRel|Win32.ActiveCfg = MinSizeRel|Win32
		{F265F1A3-F7D0-3898-B13E-8029FAE12B3B}.MinSizeRel|Win32.Build.0 = MinSizeRel|Win32
		{F265F1A3-F7D0-3898-B13E-8029FAE12B3B}.RelWithDebInfo|Win32.ActiveCfg = RelWithDebInfo|Win32
		{F265F1A3-F7D0-3898-B13E-8029FAE12B3B}.RelWithDebInfo|Win32.Build.0 = RelWithDebInfo|Win32
		{71EDB5E4-72D6-33E2-B6DC-6D1A82396E63}.Debug|Win32.ActiveCfg = Debug|Win32
		{71EDB5E4-72D6-33E2-B6DC-6D1A82396E63}.Debug|Win32.Build.0 = Debug|Win32
		{71EDB5E4-72D6-33E2-B6DC-6D1A82396E63}.Release|Win32.ActiveCfg = Release|Win32
		{71EDB5E4-72D6-33E2-B6DC-6D1A82396E63}.Release|Win32.Build.0 = Release|Win32
		{71EDB5E4-72D6-33E2-B6DC-6D1A82396E63}.MinSizeRel|Win32.ActiveCfg = MinSizeRel|Win32
		{71EDB5E4-72D6-33E2-B6DC-6D1A82396E63}.MinSizeRel|Win32.Build.0 = MinSizeRel|Win32
		{71EDB5E4-72D6-33E2-B6DC-6D1A82396E63}.RelWithDebInfo|Win32.ActiveCfg = RelWithDebInfo|Win32
		{71EDB5E4-72D6-33E2-B6DC-6D1A82396E63}.RelWithDebInfo|Win32.Build.0 = RelWithDebInfo|Win32
	EndGlobalSection
	GlobalSection(NestedProjects) = preSolution
		{0124EDD9-4F45-3964-A985-2A1AD6C2D13C} = {E0677BA8-5BD7-3D61-A2DC-7139C9F80258}
		{C090A307-60A6-3037-BBD2-977FAF98A38B} = {E0677BA8-5BD7-3D61-A2DC-7139C9F80258}
		{CDA77E6D-1132-3D7B-9E7A-C711DE5B84A2} = {4EFDCADA-20C2-3FC7-A6C7-2A9F3A00D3EB}
		{F07C0AA2-0E1F-3D36-B8A3-4910A7B6CF9B} = {4EFDCADA-20C2-3FC7-A6C7-2A9F3A00D3EB}
		{9064C315-BF67-3E74-8ED3-85B43712F8D8} = {4EFDCADA-20C2-3FC7-A6C7-2A9F3A00D3EB}
		{39857426-6406-3239-BC91-89DDBFDF479B} = {4EFDCADA-20C2-3FC7-A6C7-2A9F3A00D3EB}
		{F0959C32-70AA-398A-93CB-521F78265B45} = {4EFDCADA-20C2-3FC7-A6C7-2A9F3A00D3EB}
		{553E3335-EC4D-3B9C-8751-73FEEF69675C} = {4EFDCADA-20C2-3FC7-A6C7-2A9F3A00D3EB}
		{F68ABEE0-1D3D-3205-8795-C1D5398D11C7} = {4EFDCADA-20C2-3FC7-A6C7-2A9F3A00D3EB}
		{B99C8CEA-8CC2-37BF-AED1-50EBCC5D374D} = {4EFDCADA-20C2-3FC7-A6C7-2A9F3A00D3EB}
		{36F6AB4B-DA09-3326-99A7-367A57222AFD} = {4EFDCADA-20C2-3FC7-A6C7-2A9F3A00D3EB}
		{F265F1A3-F7D0-3898-B13E-8029FAE12B3B} = {4EFDCADA-20C2-3FC7-A6C7-2A9F3A00D3EB}
		{71EDB5E4-72D6-33E2-B6DC-6D1A82396E63} = {4EFDCADA-20C2-3FC7-A6C7-2A9F3A00D3EB}
		{AABE7382-A3A4-336B-BA92-3D9B66FE89F7} = {898E4F05-C381-30B3-8F48-455D4B650C22}
		{2FEE8485-6C41-3ED5-B6BE-F01E853053E3} = {FD7F1B32-813A-37AE-8605-7B0C954656C9}
	EndGlobalSection
	GlobalSection(ExtensibilityGlobals) = postSolution
		SolutionGuid = {5CD17E4A-805F-37C1-8147-5CDCE01AC438}
	EndGlobalSection
	GlobalSection(ExtensibilityAddIns) = postSolution
	EndGlobalSection
EndGlobal
